
Microsoft Visual Studio Solution File, Format Version 12.00
Project("{FAE04EC0-301F-11D3-BF4B-00C04F79EFBC}") = "GameConsole", "GameConsole\GameConsole.csproj", "{554F2E97-EDD2-4CB5-B766-4A67273117D6}"
EndProject
Project("{FAE04EC0-301F-11D3-BF4B-00C04F79EFBC}") = "GameLogic", "GameLogic\GameLogic.csproj", "{8FC555F6-A648-4697-A6D4-4B7BB17F01F1}"
EndProject
Project("{FAE04EC0-301F-11D3-BF4B-00C04F79EFBC}") = "GameLogicTests", "GameLogicTests\GameLogicTests.csproj", "{C4160A14-DB43-416D-9D5A-7BA398854D44}"
EndProject
Global
	GlobalSection(SolutionConfigurationPlatforms) = preSolution
		Debug|Any CPU = Debug|Any CPU
		Release|Any CPU = Release|Any CPU
	EndGlobalSection
	GlobalSection(ProjectConfigurationPlatforms) = postSolution
		{554F2E97-EDD2-4CB5-B766-4A67273117D6}.Debug|Any CPU.ActiveCfg = Debug|Any CPU
		{554F2E97-EDD2-4CB5-B766-4A67273117D6}.Debug|Any CPU.Build.0 = Debug|Any CPU
		{554F2E97-EDD2-4CB5-B766-4A67273117D6}.Release|Any CPU.ActiveCfg = Release|Any CPU
		{554F2E97-EDD2-4CB5-B766-4A67273117D6}.Release|Any CPU.Build.0 = Release|Any CPU
		{8FC555F6-A648-4697-A6D4-4B7BB17F01F1}.Debug|Any CPU.ActiveCfg = Debug|Any CPU
		{8FC555F6-A648-4697-A6D4-4B7BB17F01F1}.Debug|Any CPU.Build.0 = Debug|Any CPU
		{8FC555F6-A648-4697-A6D4-4B7BB17F01F1}.Release|Any CPU.ActiveCfg = Release|Any CPU
		{8FC555F6-A648-4697-A6D4-4B7BB17F01F1}.Release|Any CPU.Build.0 = Release|Any CPU
		{C4160A14-DB43-416D-9D5A-7BA398854D44}.Debug|Any CPU.ActiveCfg = Debug|Any CPU
		{C4160A14-DB43-416D-9D5A-7BA398854D44}.Debug|Any CPU.Build.0 = Debug|Any CPU
		{C4160A14-DB43-416D-9D5A-7BA398854D44}.Release|Any CPU.ActiveCfg = Release|Any CPU
		{C4160A14-DB43-416D-9D5A-7BA398854D44}.Release|Any CPU.Build.0 = Release|Any CPU
	EndGlobalSection
EndGlobal
